PODS:
  - Bolts/Tasks (1.9.1)
  - FMDB (2.7.5):
    - FMDB/standard (= 2.7.5)
  - FMDB/standard (2.7.5)
  - Parse (1.19.2):
    - Parse/Core (= 1.19.2)
  - Parse/Core (1.19.2):
    - Bolts/Tasks (= 1.9.1)

DEPENDENCIES:
  - FMDB
  - Parse

SPEC REPOS:
  trunk:
    - Bolts
    - FMDB
    - Parse

SPEC CHECKSUMS:
  Bolts: 8c1e8aab2f603387b8b9924f57d1d64f43d3ffdc
  FMDB: 2ce00b547f966261cd18927a3ddb07cb6f3db82a
  Parse: 081fb8755c3000fd11df817eec235def233d0af3

PODFILE CHECKSUM: eba8941dac2f0795aeb232c118327a1f8d9b4503

COCOAPODS: 1.9.3
